# This file is generated by running "yarn install" inside your project.
# Manual changes might be lost - proceed with caution!

__metadata:
  version: 8
  cacheKey: 10c0

"@babel/code-frame@npm:^7.10.4":
  version: 7.10.4
  resolution: "@babel/code-frame@npm:7.10.4"
  dependencies:
    "@babel/highlight": "npm:^7.10.4"
  checksum: 10c0/1a2b3c
  languageName: node
  linkType: hard

"@babel/highlight@npm:^7.10.4":
  version: 7.10.4
  resolution: "@babel/highlight@npm:7.10.4"
  checksum: 10c0/4d5e6f
  languageName: node
  linkType: hard

"demo-app@workspace:.":
  version: 0.0.0-use.local
  resolution: "demo-app@workspace:."
  dependencies:
    "@babel/code-frame": "npm:^7.10.4"
    demo-lib: "workspace:packages/demo-lib"
    left-pad: "stevemao/left-pad"
    lodash: "npm:^4.17.20"
  languageName: unknown
  linkType: soft

"demo-lib@workspace:packages/demo-lib":
  version: 0.0.0-use.local
  resolution: "demo-lib@workspace:packages/demo-lib"
  dependencies:
    minimist: "npm:^1.2.0"
  languageName: unknown
  linkType: soft

"left-pad@stevemao/left-pad":
  version: 1.3.0
  resolution: "left-pad@https://github.com/stevemao/left-pad.git#commit=5b6b4d6a2a4b3f1b0a2a1a2a3a4a5a6a7a8a9a0a"
  checksum: 10c0/7a8b9c
  languageName: node
  linkType: hard

"lodash@npm:^4.17.20":
  version: 4.17.20
  resolution: "lodash@npm:4.17.20"
  checksum: 10c0/0d1e2f
  languageName: node
  linkType: hard

"minimist@npm:^1.2.0":
  version: 1.2.5
  resolution: "minimist@npm:1.2.5"
  checksum: 10c0/3a4b5c
  languageName: node
  linkType: hard

"resolve@patch:resolve@npm%3A1.22.8#optional!builtin<compat/resolve>":
  version: 1.22.8
  resolution: "resolve@patch:resolve@npm%3A1.22.8#optional!builtin<compat/resolve>::version=1.22.8&hash=c3c19d"
  checksum: 10c0/6d7e8f
  languageName: node
  linkType: hard
